
Microsoft Visual Studio Solution File, Format Version 12.00
# Visual Studio 2013
VisualStudioVersion = 12.0.21005.1
MinimumVisualStudioVersion = 10.0.40219.1
Project("{FAE04EC0-301F-11D3-BF4B-00C04F79EFBC}") = "01-03", "ADO.NET\01-03.csproj", "{A6B4B439-A8BA-489C-8D46-0F73D755E453}"
EndProject
Project("{FAE04EC0-301F-11D3-BF4B-00C04F79EFBC}") = "04", "04\04.csproj", "{09EC9C49-8479-427A-BD13-DD8A0A20E18C}"
EndProject
Project("{FAE04EC0-301F-11D3-BF4B-00C04F79EFBC}") = "05", "05\05.csproj", "{3C5E2278-2460-4955-9BD7-E6E52067053C}"
EndProject
Global
	GlobalSection(SolutionConfigurationPlatforms) = preSolution
		Debug|Any CPU = Debug|Any CPU
		Release|Any CPU = Release|Any CPU
	EndGlobalSection
	GlobalSection(ProjectConfigurationPlatforms) = postSolution
		{A6B4B439-A8BA-489C-8D46-0F73D755E453}.Debug|Any CPU.ActiveCfg = Debug|Any CPU
		{A6B4B439-A8BA-489C-8D46-0F73D755E453}.Debug|Any CPU.Build.0 = Debug|Any CPU
		{A6B4B439-A8BA-489C-8D46-0F73D755E453}.Release|Any CPU.ActiveCfg = Release|Any CPU
		{A6B4B439-A8BA-489C-8D46-0F73D755E453}.Release|Any CPU.Build.0 = Release|Any CPU
		{09EC9C49-8479-427A-BD13-DD8A0A20E18C}.Debug|Any CPU.ActiveCfg = Debug|Any CPU
		{09EC9C49-8479-427A-BD13-DD8A0A20E18C}.Debug|Any CPU.Build.0 = Debug|Any CPU
		{09EC9C49-8479-427A-BD13-DD8A0A20E18C}.Release|Any CPU.ActiveCfg = Release|Any CPU
		{09EC9C49-8479-427A-BD13-DD8A0A20E18C}.Release|Any CPU.Build.0 = Release|Any CPU
		{3C5E2278-2460-4955-9BD7-E6E52067053C}.Debug|Any CPU.ActiveCfg = Debug|Any CPU
		{3C5E2278-2460-4955-9BD7-E6E52067053C}.Debug|Any CPU.Build.0 = Debug|Any CPU
		{3C5E2278-2460-4955-9BD7-E6E52067053C}.Release|Any CPU.ActiveCfg = Release|Any CPU
		{3C5E2278-2460-4955-9BD7-E6E52067053C}.Release|Any CPU.Build.0 = Release|Any CPU
	EndGlobalSection
	GlobalSection(SolutionProperties) = preSolution
		HideSolutionNode = FALSE
	EndGlobalSection
EndGlobal
